
Microsoft Visual Studio Solution File, Format Version 12.00
# Visual Studio Version 17
VisualStudioVersion = 17.4.33110.190
MinimumVisualStudioVersion = 10.0.40219.1
Project("{9A19103F-16F7-4668-BE54-9A1E7A4F7556}") = "Box Data structure application", "Box Data structure application\Box Data structure application.csproj", "{84A501EB-C0A5-4993-9B1E-B871E1A738AC}"
EndProject
Project("{9A19103F-16F7-4668-BE54-9A1E7A4F7556}") = "Data Structures", "Data Structures\Data Structures.csproj", "{D366056A-9C17-4FB7-87B2-7E6B7D164407}"
EndProject
Project("{9A19103F-16F7-4668-BE54-9A1E7A4F7556}") = "Model", "Model\Model.csproj", "{C4DB6297-B1AE-4886-AEB9-A6BD3D02D1FF}"
EndProject
Project("{9A19103F-16F7-4668-BE54-9A1E7A4F7556}") = "BusinessLogic", "BusinessLogic\BusinessLogic.csproj", "{2BA8AE42-45A4-4CA3-BEC2-708F7F0F735C}"
EndProject
Project("{9A19103F-16F7-4668-BE54-9A1E7A4F7556}") = "DAL", "DAL\DAL.csproj", "{2843113C-AAF1-490B-8C85-DF0935FCB3C3}"
EndProject
Project("{FAE04EC0-301F-11D3-BF4B-00C04F79EFBC}") = "Design", "Design\Design.csproj", "{6C5ADCFE-E39A-4CDC-BC0C-AFCB88F01D56}"
EndProject
Project("{FAE04EC0-301F-11D3-BF4B-00C04F79EFBC}") = "UnitTests", "UnitTests\UnitTests.csproj", "{F89B63D6-373E-45AB-80A8-36B3BFDE96A1}"
EndProject
Global
	GlobalSection(SolutionConfigurationPlatforms) = preSolution
		Debug|Any CPU = Debug|Any CPU
		Debug|ARM = Debug|ARM
		Debug|ARM64 = Debug|ARM64
		Debug|x64 = Debug|x64
		Debug|x86 = Debug|x86
		Release|Any CPU = Release|Any CPU
		Release|ARM = Release|ARM
		Release|ARM64 = Release|ARM64
		Release|x64 = Release|x64
		Release|x86 = Release|x86
	EndGlobalSection
	GlobalSection(ProjectConfigurationPlatforms) = postSolution
		{84A501EB-C0A5-4993-9B1E-B871E1A738AC}.Debug|Any CPU.ActiveCfg = Debug|Any CPU
		{84A501EB-C0A5-4993-9B1E-B871E1A738AC}.Debug|Any CPU.Build.0 = Debug|Any CPU
		{84A501EB-C0A5-4993-9B1E-B871E1A738AC}.Debug|ARM.ActiveCfg = Debug|Any CPU
		{84A501EB-C0A5-4993-9B1E-B871E1A738AC}.Debug|ARM.Build.0 = Debug|Any CPU
		{84A501EB-C0A5-4993-9B1E-B871E1A738AC}.Debug|ARM64.ActiveCfg = Debug|Any CPU
		{84A501EB-C0A5-4993-9B1E-B871E1A738AC}.Debug|ARM64.Build.0 = Debug|Any CPU
		{84A501EB-C0A5-4993-9B1E-B871E1A738AC}.Debug|x64.ActiveCfg = Debug|Any CPU
		{84A501EB-C0A5-4993-9B1E-B871E1A738AC}.Debug|x64.Build.0 = Debug|Any CPU
		{84A501EB-C0A5-4993-9B1E-B871E1A738AC}.Debug|x86.ActiveCfg = Debug|Any CPU
		{84A501EB-C0A5-4993-9B1E-B871E1A738AC}.Debug|x86.Build.0 = Debug|Any CPU
		{84A501EB-C0A5-4993-9B1E-B871E1A738AC}.Release|Any CPU.ActiveCfg = Release|Any CPU
		{84A501EB-C0A5-4993-9B1E-B871E1A738AC}.Release|Any CPU.Build.0 = Release|Any CPU
		{84A501EB-C0A5-4993-9B1E-B871E1A738AC}.Release|ARM.ActiveCfg = Release|Any CPU
		{84A501EB-C0A5-4993-9B1E-B871E1A738AC}.Release|ARM.Build.0 = Release|Any CPU
		{84A501EB-C0A5-4993-9B1E-B871E1A738AC}.Release|ARM64.ActiveCfg = Release|Any CPU
		{84A501EB-C0A5-4993-9B1E-B871E1A738AC}.Release|ARM64.Build.0 = Release|Any CPU
		{84A501EB-C0A5-4993-9B1E-B871E1A738AC}.Release|x64.ActiveCfg = Release|Any CPU
		{84A501EB-C0A5-4993-9B1E-B871E1A738AC}.Release|x64.Build.0 = Release|Any CPU
		{84A501EB-C0A5-4993-9B1E-B871E1A738AC}.Release|x86.ActiveCfg = Release|Any CPU
		{84A501EB-C0A5-4993-9B1E-B871E1A738AC}.Release|x86.Build.0 = Release|Any CPU
		{D366056A-9C17-4FB7-87B2-7E6B7D164407}.Debug|Any CPU.ActiveCfg = Debug|Any CPU
		{D366056A-9C17-4FB7-87B2-7E6B7D164407}.Debug|Any CPU.Build.0 = Debug|Any CPU
		{D366056A-9C17-4FB7-87B2-7E6B7D164407}.Debug|ARM.ActiveCfg = Debug|Any CPU
		{D366056A-9C17-4FB7-87B2-7E6B7D164407}.Debug|ARM.Build.0 = Debug|Any CPU
		{D366056A-9C17-4FB7-87B2-7E6B7D164407}.Debug|ARM64.ActiveCfg = Debug|Any CPU
		{D366056A-9C17-4FB7-87B2-7E6B7D164407}.Debug|ARM64.Build.0 = Debug|Any CPU
		{D366056A-9C17-4FB7-87B2-7E6B7D164407}.Debug|x64.ActiveCfg = Debug|Any CPU
		{D366056A-9C17-4FB7-87B2-7E6B7D164407}.Debug|x64.Build.0 = Debug|Any CPU
		{D366056A-9C17-4FB7-87B2-7E6B7D164407}.Debug|x86.ActiveCfg = Debug|Any CPU
		{D366056A-9C17-4FB7-87B2-7E6B7D164407}.Debug|x86.Build.0 = Debug|Any CPU
		{D366056A-9C17-4FB7-87B2-7E6B7D164407}.Release|Any CPU.ActiveCfg = Release|Any CPU
		{D366056A-9C17-4FB7-87B2-7E6B7D164407}.Release|Any CPU.Build.0 = Release|Any CPU
		{D366056A-9C17-4FB7-87B2-7E6B7D164407}.Release|ARM.ActiveCfg = Release|Any CPU
		{D366056A-9C17-4FB7-87B2-7E6B7D164407}.Release|ARM.Build.0 = Release|Any CPU
		{D366056A-9C17-4FB7-87B2-7E6B7D164407}.Release|ARM64.ActiveCfg = Release|Any CPU
		{D366056A-9C17-4FB7-87B2-7E6B7D164407}.Release|ARM64.Build.0 = Release|Any CPU
		{D366056A-9C17-4FB7-87B2-7E6B7D164407}.Release|x64.ActiveCfg = Release|Any CPU
		{D366056A-9C17-4FB7-87B2-7E6B7D164407}.Release|x64.Build.0 = Release|Any CPU
		{D366056A-9C17-4FB7-87B2-7E6B7D164407}.Release|x86.ActiveCfg = Release|Any CPU
		{D366056A-9C17-4FB7-87B2-7E6B7D164407}.Release|x86.Build.0 = Release|Any CPU
		{C4DB6297-B1AE-4886-AEB9-A6BD3D02D1FF}.Debug|Any CPU.ActiveCfg = Debug|Any CPU
		{C4DB6297-B1AE-4886-AEB9-A6BD3D02D1FF}.Debug|Any CPU.Build.0 = Debug|Any CPU
		{C4DB6297-B1AE-4886-AEB9-A6BD3D02D1FF}.Debug|ARM.ActiveCfg = Debug|Any CPU
		{C4DB6297-B1AE-4886-AEB9-A6BD3D02D1FF}.Debug|ARM.Build.0 = Debug|Any CPU
		{C4DB6297-B1AE-4886-AEB9-A6BD3D02D1FF}.Debug|ARM64.ActiveCfg = Debug|Any CPU
		{C4DB6297-B1AE-4886-AEB9-A6BD3D02D1FF}.Debug|ARM64.Build.0 = Debug|Any CPU
		{C4DB6297-B1AE-4886-AEB9-A6BD3D02D1FF}.Debug|x64.ActiveCfg = Debug|Any CPU
		{C4DB6297-B1AE-4886-AEB9-A6BD3D02D1FF}.Debug|x64.Build.0 = Debug|Any CPU
		{C4DB6297-B1AE-4886-AEB9-A6BD3D02D1FF}.Debug|x86.ActiveCfg = Debug|Any CPU
		{C4DB6297-B1AE-4886-AEB9-A6BD3D02D1FF}.Debug|x86.Build.0 = Debug|Any CPU
		{C4DB6297-B1AE-4886-AEB9-A6BD3D02D1FF}.Release|Any CPU.ActiveCfg = Release|Any CPU
		{C4DB6297-B1AE-4886-AEB9-A6BD3D02D1FF}.Release|Any CPU.Build.0 = Release|Any CPU
		{C4DB6297-B1AE-4886-AEB9-A6BD3D02D1FF}.Release|ARM.ActiveCfg = Release|Any CPU
		{C4DB6297-B1AE-4886-AEB9-A6BD3D02D1FF}.Release|ARM.Build.0 = Release|Any CPU
		{C4DB6297-B1AE-4886-AEB9-A6BD3D02D1FF}.Release|ARM64.ActiveCfg = Release|Any CPU
		{C4DB6297-B1AE-4886-AEB9-A6BD3D02D1FF}.Release|ARM64.Build.0 = Release|Any CPU
		{C4DB6297-B1AE-4886-AEB9-A6BD3D02D1FF}.Release|x64.ActiveCfg = Release|Any CPU
		{C4DB6297-B1AE-4886-AEB9-A6BD3D02D1FF}.Release|x64.Build.0 = Release|Any CPU
		{C4DB6297-B1AE-4886-AEB9-A6BD3D02D1FF}.Release|x86.ActiveCfg = Release|Any CPU
		{C4DB6297-B1AE-4886-AEB9-A6BD3D02D1FF}.Release|x86.Build.0 = Release|Any CPU
		{2BA8AE42-45A4-4CA3-BEC2-708F7F0F735C}.Debug|Any CPU.ActiveCfg = Debug|Any CPU
		{2BA8AE42-45A4-4CA3-BEC2-708F7F0F735C}.Debug|Any CPU.Build.0 = Debug|Any CPU
		{2BA8AE42-45A4-4CA3-BEC2-708F7F0F735C}.Debug|ARM.ActiveCfg = Debug|Any CPU
		{2BA8AE42-45A4-4CA3-BEC2-708F7F0F735C}.Debug|ARM.Build.0 = Debug|Any CPU
		{2BA8AE42-45A4-4CA3-BEC2-708F7F0F735C}.Debug|ARM64.ActiveCfg = Debug|Any CPU
		{2BA8AE42-45A4-4CA3-BEC2-708F7F0F735C}.Debug|ARM64.Build.0 = Debug|Any CPU
		{2BA8AE42-45A4-4CA3-BEC2-708F7F0F735C}.Debug|x64.ActiveCfg = Debug|Any CPU
		{2BA8AE42-45A4-4CA3-BEC2-708F7F0F735C}.Debug|x64.Build.0 = Debug|Any CPU
		{2BA8AE42-45A4-4CA3-BEC2-708F7F0F735C}.Debug|x86.ActiveCfg = Debug|Any CPU
		{2BA8AE42-45A4-4CA3-BEC2-708F7F0F735C}.Debug|x86.Build.0 = Debug|Any CPU
		{2BA8AE42-45A4-4CA3-BEC2-708F7F0F735C}.Release|Any CPU.ActiveCfg = Release|Any CPU
		{2BA8AE42-45A4-4CA3-BEC2-708F7F0F735C}.Release|Any CPU.Build.0 = Release|Any CPU
		{2BA8AE42-45A4-4CA3-BEC2-708F7F0F735C}.Release|ARM.ActiveCfg = Release|Any CPU
		{2BA8AE42-45A4-4CA3-BEC2-708F7F0F735C}.Release|ARM.Build.0 = Release|Any CPU
		{2BA8AE42-45A4-4CA3-BEC2-708F7F0F735C}.Release|ARM64.ActiveCfg = Release|Any CPU
		{2BA8AE42-45A4-4CA3-BEC2-708F7F0F735C}.Release|ARM64.Build.0 = Release|Any CPU
		{2BA8AE42-45A4-4CA3-BEC2-708F7F0F735C}.Release|x64.ActiveCfg = Release|Any CPU
		{2BA8AE42-45A4-4CA3-BEC2-708F7F0F735C}.Release|x64.Build.0 = Release|Any CPU
		{2BA8AE42-45A4-4CA3-BEC2-708F7F0F735C}.Release|x86.ActiveCfg = Release|Any CPU
		{2BA8AE42-45A4-4CA3-BEC2-708F7F0F735C}.Release|x86.Build.0 = Release|Any CPU
		{2843113C-AAF1-490B-8C85-DF0935FCB3C3}.Debug|Any CPU.ActiveCfg = Debug|Any CPU
		{2843113C-AAF1-490B-8C85-DF0935FCB3C3}.Debug|Any CPU.Build.0 = Debug|Any CPU
		{2843113C-AAF1-490B-8C85-DF0935FCB3C3}.Debug|ARM.ActiveCfg = Debug|Any CPU
		{2843113C-AAF1-490B-8C85-DF0935FCB3C3}.Debug|ARM.Build.0 = Debug|Any CPU
		{2843113C-AAF1-490B-8C85-DF0935FCB3C3}.Debug|ARM64.ActiveCfg = Debug|Any CPU
		{2843113C-AAF1-490B-8C85-DF0935FCB3C3}.Debug|ARM64.Build.0 = Debug|Any CPU
		{2843113C-AAF1-490B-8C85-DF0935FCB3C3}.Debug|x64.ActiveCfg = Debug|Any CPU
		{2843113C-AAF1-490B-8C85-DF0935FCB3C3}.Debug|x64.Build.0 = Debug|Any CPU
		{2843113C-AAF1-490B-8C85-DF0935FCB3C3}.Debug|x86.ActiveCfg = Debug|Any CPU
		{2843113C-AAF1-490B-8C85-DF0935FCB3C3}.Debug|x86.Build.0 = Debug|Any CPU
		{2843113C-AAF1-490B-8C85-DF0935FCB3C3}.Release|Any CPU.ActiveCfg = Release|Any CPU
		{2843113C-AAF1-490B-8C85-DF0935FCB3C3}.Release|Any CPU.Build.0 = Release|Any CPU
		{2843113C-AAF1-490B-8C85-DF0935FCB3C3}.Release|ARM.ActiveCfg = Release|Any CPU
		{2843113C-AAF1-490B-8C85-DF0935FCB3C3}.Release|ARM.Build.0 = Release|Any CPU
		{2843113C-AAF1-490B-8C85-DF0935FCB3C3}.Release|ARM64.ActiveCfg = Release|Any CPU
		{2843113C-AAF1-490B-8C85-DF0935FCB3C3}.Release|ARM64.Build.0 = Release|Any CPU
		{2843113C-AAF1-490B-8C85-DF0935FCB3C3}.Release|x64.ActiveCfg = Release|Any CPU
		{2843113C-AAF1-490B-8C85-DF0935FCB3C3}.Release|x64.Build.0 = Release|Any CPU
		{2843113C-AAF1-490B-8C85-DF0935FCB3C3}.Release|x86.ActiveCfg = Release|Any CPU
		{2843113C-AAF1-490B-8C85-DF0935FCB3C3}.Release|x86.Build.0 = Release|Any CPU
		{6C5ADCFE-E39A-4CDC-BC0C-AFCB88F01D56}.Debug|Any CPU.ActiveCfg = Debug|Any CPU
		{6C5ADCFE-E39A-4CDC-BC0C-AFCB88F01D56}.Debug|Any CPU.Build.0 = Debug|Any CPU
		{6C5ADCFE-E39A-4CDC-BC0C-AFCB88F01D56}.Debug|ARM.ActiveCfg = Debug|Any CPU
		{6C5ADCFE-E39A-4CDC-BC0C-AFCB88F01D56}.Debug|ARM.Build.0 = Debug|Any CPU
		{6C5ADCFE-E39A-4CDC-BC0C-AFCB88F01D56}.Debug|ARM64.ActiveCfg = Debug|Any CPU
		{6C5ADCFE-E39A-4CDC-BC0C-AFCB88F01D56}.Debug|ARM64.Build.0 = Debug|Any CPU
		{6C5ADCFE-E39A-4CDC-BC0C-AFCB88F01D56}.Debug|x64.ActiveCfg = Debug|Any CPU
		{6C5ADCFE-E39A-4CDC-BC0C-AFCB88F01D56}.Debug|x64.Build.0 = Debug|Any CPU
		{6C5ADCFE-E39A-4CDC-BC0C-AFCB88F01D56}.Debug|x86.ActiveCfg = Debug|Any CPU
		{6C5ADCFE-E39A-4CDC-BC0C-AFCB88F01D56}.Debug|x86.Build.0 = Debug|Any CPU
		{6C5ADCFE-E39A-4CDC-BC0C-AFCB88F01D56}.Release|Any CPU.ActiveCfg = Release|Any CPU
		{6C5ADCFE-E39A-4CDC-BC0C-AFCB88F01D56}.Release|Any CPU.Build.0 = Release|Any CPU
		{6C5ADCFE-E39A-4CDC-BC0C-AFCB88F01D56}.Release|ARM.ActiveCfg = Release|Any CPU
		{6C5ADCFE-E39A-4CDC-BC0C-AFCB88F01D56}.Release|ARM.Build.0 = Release|Any CPU
		{6C5ADCFE-E39A-4CDC-BC0C-AFCB88F01D56}.Release|ARM64.ActiveCfg = Release|Any CPU
		{6C5ADCFE-E39A-4CDC-BC0C-AFCB88F01D56}.Release|ARM64.Build.0 = Release|Any CPU
		{6C5ADCFE-E39A-4CDC-BC0C-AFCB88F01D56}.Release|x64.ActiveCfg = Release|Any CPU
		{6C5ADCFE-E39A-4CDC-BC0C-AFCB88F01D56}.Release|x64.Build.0 = Release|Any CPU
		{6C5ADCFE-E39A-4CDC-BC0C-AFCB88F01D56}.Release|x86.ActiveCfg = Release|Any CPU
		{6C5ADCFE-E39A-4CDC-BC0C-AFCB88F01D56}.Release|x86.Build.0 = Release|Any CPU
		{F89B63D6-373E-45AB-80A8-36B3BFDE96A1}.Debug|Any CPU.ActiveCfg = Debug|Any CPU
		{F89B63D6-373E-45AB-80A8-36B3BFDE96A1}.Debug|Any CPU.Build.0 = Debug|Any CPU
		{F89B63D6-373E-45AB-80A8-36B3BFDE96A1}.Debug|ARM.ActiveCfg = Debug|Any CPU
		{F89B63D6-373E-45AB-80A8-36B3BFDE96A1}.Debug|ARM.Build.0 = Debug|Any CPU
		{F89B63D6-373E-45AB-80A8-36B3BFDE96A1}.Debug|ARM64.ActiveCfg = Debug|Any CPU
		{F89B63D6-373E-45AB-80A8-36B3BFDE96A1}.Debug|ARM64.Build.0 = Debug|Any CPU
		{F89B63D6-373E-45AB-80A8-36B3BFDE96A1}.Debug|x64.ActiveCfg = Debug|Any CPU
		{F89B63D6-373E-45AB-80A8-36B3BFDE96A1}.Debug|x64.Build.0 = Debug|Any CPU
		{F89B63D6-373E-45AB-80A8-36B3BFDE96A1}.Debug|x86.ActiveCfg = Debug|Any CPU
		{F89B63D6-373E-45AB-80A8-36B3BFDE96A1}.Debug|x86.Build.0 = Debug|Any CPU
		{F89B63D6-373E-45AB-80A8-36B3BFDE96A1}.Release|Any CPU.ActiveCfg = Release|Any CPU
		{F89B63D6-373E-45AB-80A8-36B3BFDE96A1}.Release|Any CPU.Build.0 = Release|Any CPU
		{F89B63D6-373E-45AB-80A8-36B3BFDE96A1}.Release|ARM.ActiveCfg = Release|Any CPU
		{F89B63D6-373E-45AB-80A8-36B3BFDE96A1}.Release|ARM.Build.0 = Release|Any CPU
		{F89B63D6-373E-45AB-80A8-36B3BFDE96A1}.Release|ARM64.ActiveCfg = Release|Any CPU
		{F89B63D6-373E-45AB-80A8-36B3BFDE96A1}.Release|ARM64.Build.0 = Release|Any CPU
		{F89B63D6-373E-45AB-80A8-36B3BFDE96A1}.Release|x64.ActiveCfg = Release|Any CPU
		{F89B63D6-373E-45AB-80A8-36B3BFDE96A1}.Release|x64.Build.0 = Release|Any CPU
		{F89B63D6-373E-45AB-80A8-36B3BFDE96A1}.Release|x86.ActiveCfg = Release|Any CPU
		{F89B63D6-373E-45AB-80A8-36B3BFDE96A1}.Release|x86.Build.0 = Release|Any CPU
	EndGlobalSection
	GlobalSection(SolutionProperties) = preSolution
		HideSolutionNode = FALSE
	EndGlobalSection
	GlobalSection(ExtensibilityGlobals) = postSolution
		SolutionGuid = {37EE5B71-8C53-49E7-8CB6-16AC9A1A7E9E}
	EndGlobalSection
EndGlobal
